
Microsoft Visual Studio Solution File, Format Version 12.00
# Visual Studio 15
VisualStudioVersion = 15.0.28306.52
MinimumVisualStudioVersion = 10.0.40219.1
Project("{FAE04EC0-301F-11D3-BF4B-00C04F79EFBC}") = "ScenicPlots.Android", "ScenicPlots\ScenicPlots.Android\ScenicPlots.Android.csproj", "{DE88495E-6A3B-444A-8513-85E5D6BA134F}"
EndProject
Project("{FAE04EC0-301F-11D3-BF4B-00C04F79EFBC}") = "ScenicPlots.iOS", "ScenicPlots\ScenicPlots.iOS\ScenicPlots.iOS.csproj", "{4A7157E9-5282-45F3-B8E3-7EA89320713E}"
EndProject
Project("{FAE04EC0-301F-11D3-BF4B-00C04F79EFBC}") = "ScenicPlots.UWP", "ScenicPlots\ScenicPlots.UWP\ScenicPlots.UWP.csproj", "{91415321-6418-4062-B42F-B845F63E51A0}"
EndProject
Project("{FAE04EC0-301F-11D3-BF4B-00C04F79EFBC}") = "ScenicPlots", "ScenicPlots\ScenicPlots\ScenicPlots.csproj", "{A6635553-9B11-45E9-927D-08A3C8B2AFB8}"
EndProject
Global
	GlobalSection(SolutionConfigurationPlatforms) = preSolution
		Ad-Hoc|Any CPU = Ad-Hoc|Any CPU
		Ad-Hoc|ARM = Ad-Hoc|ARM
		Ad-Hoc|iPhone = Ad-Hoc|iPhone
		Ad-Hoc|iPhoneSimulator = Ad-Hoc|iPhoneSimulator
		Ad-Hoc|x64 = Ad-Hoc|x64
		Ad-Hoc|x86 = Ad-Hoc|x86
		AppStore|Any CPU = AppStore|Any CPU
		AppStore|ARM = AppStore|ARM
		AppStore|iPhone = AppStore|iPhone
		AppStore|iPhoneSimulator = AppStore|iPhoneSimulator
		AppStore|x64 = AppStore|x64
		AppStore|x86 = AppStore|x86
		Debug|Any CPU = Debug|Any CPU
		Debug|ARM = Debug|ARM
		Debug|iPhone = Debug|iPhone
		Debug|iPhoneSimulator = Debug|iPhoneSimulator
		Debug|x64 = Debug|x64
		Debug|x86 = Debug|x86
		Release|Any CPU = Release|Any CPU
		Release|ARM = Release|ARM
		Release|iPhone = Release|iPhone
		Release|iPhoneSimulator = Release|iPhoneSimulator
		Release|x64 = Release|x64
		Release|x86 = Release|x86
	EndGlobalSection
	GlobalSection(ProjectConfigurationPlatforms) = postSolution
		{DE88495E-6A3B-444A-8513-85E5D6BA134F}.Ad-Hoc|Any CPU.ActiveCfg = Release|Any CPU
		{DE88495E-6A3B-444A-8513-85E5D6BA134F}.Ad-Hoc|Any CPU.Build.0 = Release|Any CPU
		{DE88495E-6A3B-444A-8513-85E5D6BA134F}.Ad-Hoc|Any CPU.Deploy.0 = Release|Any CPU
		{DE88495E-6A3B-444A-8513-85E5D6BA134F}.Ad-Hoc|ARM.ActiveCfg = Release|Any CPU
		{DE88495E-6A3B-444A-8513-85E5D6BA134F}.Ad-Hoc|ARM.Build.0 = Release|Any CPU
		{DE88495E-6A3B-444A-8513-85E5D6BA134F}.Ad-Hoc|ARM.Deploy.0 = Release|Any CPU
		{DE88495E-6A3B-444A-8513-85E5D6BA134F}.Ad-Hoc|iPhone.ActiveCfg = Release|Any CPU
		{DE88495E-6A3B-444A-8513-85E5D6BA134F}.Ad-Hoc|iPhone.Build.0 = Release|Any CPU
		{DE88495E-6A3B-444A-8513-85E5D6BA134F}.Ad-Hoc|iPhone.Deploy.0 = Release|Any CPU
		{DE88495E-6A3B-444A-8513-85E5D6BA134F}.Ad-Hoc|iPhoneSimulator.ActiveCfg = Release|Any CPU
		{DE88495E-6A3B-444A-8513-85E5D6BA134F}.Ad-Hoc|iPhoneSimulator.Build.0 = Release|Any CPU
		{DE88495E-6A3B-444A-8513-85E5D6BA134F}.Ad-Hoc|iPhoneSimulator.Deploy.0 = Release|Any CPU
		{DE88495E-6A3B-444A-8513-85E5D6BA134F}.Ad-Hoc|x64.ActiveCfg = Release|Any CPU
		{DE88495E-6A3B-444A-8513-85E5D6BA134F}.Ad-Hoc|x64.Build.0 = Release|Any CPU
		{DE88495E-6A3B-444A-8513-85E5D6BA134F}.Ad-Hoc|x64.Deploy.0 = Release|Any CPU
		{DE88495E-6A3B-444A-8513-85E5D6BA134F}.Ad-Hoc|x86.ActiveCfg = Release|Any CPU
		{DE88495E-6A3B-444A-8513-85E5D6BA134F}.Ad-Hoc|x86.Build.0 = Release|Any CPU
		{DE88495E-6A3B-444A-8513-85E5D6BA134F}.Ad-Hoc|x86.Deploy.0 = Release|Any CPU
		{DE88495E-6A3B-444A-8513-85E5D6BA134F}.AppStore|Any CPU.ActiveCfg = Release|Any CPU
		{DE88495E-6A3B-444A-8513-85E5D6BA134F}.AppStore|Any CPU.Build.0 = Release|Any CPU
		{DE88495E-6A3B-444A-8513-85E5D6BA134F}.AppStore|Any CPU.Deploy.0 = Release|Any CPU
		{DE88495E-6A3B-444A-8513-85E5D6BA134F}.AppStore|ARM.ActiveCfg = Release|Any CPU
		{DE88495E-6A3B-444A-8513-85E5D6BA134F}.AppStore|ARM.Build.0 = Release|Any CPU
		{DE88495E-6A3B-444A-8513-85E5D6BA134F}.AppStore|ARM.Deploy.0 = Release|Any CPU
		{DE88495E-6A3B-444A-8513-85E5D6BA134F}.AppStore|iPhone.ActiveCfg = Release|Any CPU
		{DE88495E-6A3B-444A-8513-85E5D6BA134F}.AppStore|iPhone.Build.0 = Release|Any CPU
		{DE88495E-6A3B-444A-8513-85E5D6BA134F}.AppStore|iPhone.Deploy.0 = Release|Any CPU
		{DE88495E-6A3B-444A-8513-85E5D6BA134F}.AppStore|iPhoneSimulator.ActiveCfg = Release|Any CPU
		{DE88495E-6A3B-444A-8513-85E5D6BA134F}.AppStore|iPhoneSimulator.Build.0 = Release|Any CPU
		{DE88495E-6A3B-444A-8513-85E5D6BA134F}.AppStore|iPhoneSimulator.Deploy.0 = Release|Any CPU
		{DE88495E-6A3B-444A-8513-85E5D6BA134F}.AppStore|x64.ActiveCfg = Release|Any CPU
		{DE88495E-6A3B-444A-8513-85E5D6BA134F}.AppStore|x64.Build.0 = Release|Any CPU
		{DE88495E-6A3B-444A-8513-85E5D6BA134F}.AppStore|x64.Deploy.0 = Release|Any CPU
		{DE88495E-6A3B-444A-8513-85E5D6BA134F}.AppStore|x86.ActiveCfg = Release|Any CPU
		{DE88495E-6A3B-444A-8513-85E5D6BA134F}.AppStore|x86.Build.0 = Release|Any CPU
		{DE88495E-6A3B-444A-8513-85E5D6BA134F}.AppStore|x86.Deploy.0 = Release|Any CPU
		{DE88495E-6A3B-444A-8513-85E5D6BA134F}.Debug|Any CPU.ActiveCfg = Debug|Any CPU
		{DE88495E-6A3B-444A-8513-85E5D6BA134F}.Debug|Any CPU.Build.0 = Debug|Any CPU
		{DE88495E-6A3B-444A-8513-85E5D6BA134F}.Debug|Any CPU.Deploy.0 = Debug|Any CPU
		{DE88495E-6A3B-444A-8513-85E5D6BA134F}.Debug|ARM.ActiveCfg = Debug|Any CPU
		{DE88495E-6A3B-444A-8513-85E5D6BA134F}.Debug|ARM.Build.0 = Debug|Any CPU
		{DE88495E-6A3B-444A-8513-85E5D6BA134F}.Debug|ARM.Deploy.0 = Debug|Any CPU
		{DE88495E-6A3B-444A-8513-85E5D6BA134F}.Debug|iPhone.ActiveCfg = Debug|Any CPU
		{DE88495E-6A3B-444A-8513-85E5D6BA134F}.Debug|iPhone.Build.0 = Debug|Any CPU
		{DE88495E-6A3B-444A-8513-85E5D6BA134F}.Debug|iPhone.Deploy.0 = Debug|Any CPU
		{DE88495E-6A3B-444A-8513-85E5D6BA134F}.Debug|iPhoneSimulator.ActiveCfg = Debug|Any CPU
		{DE88495E-6A3B-444A-8513-85E5D6BA134F}.Debug|iPhoneSimulator.Build.0 = Debug|Any CPU
		{DE88495E-6A3B-444A-8513-85E5D6BA134F}.Debug|iPhoneSimulator.Deploy.0 = Debug|Any CPU
		{DE88495E-6A3B-444A-8513-85E5D6BA134F}.Debug|x64.ActiveCfg = Debug|Any CPU
		{DE88495E-6A3B-444A-8513-85E5D6BA134F}.Debug|x64.Build.0 = Debug|Any CPU
		{DE88495E-6A3B-444A-8513-85E5D6BA134F}.Debug|x64.Deploy.0 = Debug|Any CPU
		{DE88495E-6A3B-444A-8513-85E5D6BA134F}.Debug|x86.ActiveCfg = Debug|Any CPU
		{DE88495E-6A3B-444A-8513-85E5D6BA134F}.Debug|x86.Build.0 = Debug|Any CPU
		{DE88495E-6A3B-444A-8513-85E5D6BA134F}.Debug|x86.Deploy.0 = Debug|Any CPU
		{DE88495E-6A3B-444A-8513-85E5D6BA134F}.Release|Any CPU.ActiveCfg = Release|Any CPU
		{DE88495E-6A3B-444A-8513-85E5D6BA134F}.Release|Any CPU.Build.0 = Release|Any CPU
		{DE88495E-6A3B-444A-8513-85E5D6BA134F}.Release|Any CPU.Deploy.0 = Release|Any CPU
		{DE88495E-6A3B-444A-8513-85E5D6BA134F}.Release|ARM.ActiveCfg = Release|Any CPU
		{DE88495E-6A3B-444A-8513-85E5D6BA134F}.Release|ARM.Build.0 = Release|Any CPU
		{DE88495E-6A3B-444A-8513-85E5D6BA134F}.Release|ARM.Deploy.0 = Release|Any CPU
		{DE88495E-6A3B-444A-8513-85E5D6BA134F}.Release|iPhone.ActiveCfg = Release|Any CPU
		{DE88495E-6A3B-444A-8513-85E5D6BA134F}.Release|iPhone.Build.0 = Release|Any CPU
		{DE88495E-6A3B-444A-8513-85E5D6BA134F}.Release|iPhone.Deploy.0 = Release|Any CPU
		{DE88495E-6A3B-444A-8513-85E5D6BA134F}.Release|iPhoneSimulator.ActiveCfg = Release|Any CPU
		{DE88495E-6A3B-444A-8513-85E5D6BA134F}.Release|iPhoneSimulator.Build.0 = Release|Any CPU
		{DE88495E-6A3B-444A-8513-85E5D6BA134F}.Release|iPhoneSimulator.Deploy.0 = Release|Any CPU
		{DE88495E-6A3B-444A-8513-85E5D6BA134F}.Release|x64.ActiveCfg = Release|Any CPU
		{DE88495E-6A3B-444A-8513-85E5D6BA134F}.Release|x64.Build.0 = Release|Any CPU
		{DE88495E-6A3B-444A-8513-85E5D6BA134F}.Release|x64.Deploy.0 = Release|Any CPU
		{DE88495E-6A3B-444A-8513-85E5D6BA134F}.Release|x86.ActiveCfg = Release|Any CPU
		{DE88495E-6A3B-444A-8513-85E5D6BA134F}.Release|x86.Build.0 = Release|Any CPU
		{DE88495E-6A3B-444A-8513-85E5D6BA134F}.Release|x86.Deploy.0 = Release|Any CPU
		{4A7157E9-5282-45F3-B8E3-7EA89320713E}.Ad-Hoc|Any CPU.ActiveCfg = Ad-Hoc|iPhone
		{4A7157E9-5282-45F3-B8E3-7EA89320713E}.Ad-Hoc|Any CPU.Build.0 = Ad-Hoc|iPhone
		{4A7157E9-5282-45F3-B8E3-7EA89320713E}.Ad-Hoc|Any CPU.Deploy.0 = Ad-Hoc|iPhone
		{4A7157E9-5282-45F3-B8E3-7EA89320713E}.Ad-Hoc|ARM.ActiveCfg = Ad-Hoc|iPhone
		{4A7157E9-5282-45F3-B8E3-7EA89320713E}.Ad-Hoc|ARM.Build.0 = Ad-Hoc|iPhone
		{4A7157E9-5282-45F3-B8E3-7EA89320713E}.Ad-Hoc|ARM.Deploy.0 = Ad-Hoc|iPhone
		{4A7157E9-5282-45F3-B8E3-7EA89320713E}.Ad-Hoc|iPhone.ActiveCfg = Ad-Hoc|iPhone
		{4A7157E9-5282-45F3-B8E3-7EA89320713E}.Ad-Hoc|iPhone.Build.0 = Ad-Hoc|iPhone
		{4A7157E9-5282-45F3-B8E3-7EA89320713E}.Ad-Hoc|iPhone.Deploy.0 = Ad-Hoc|iPhone
		{4A7157E9-5282-45F3-B8E3-7EA89320713E}.Ad-Hoc|iPhoneSimulator.ActiveCfg = Ad-Hoc|iPhoneSimulator
		{4A7157E9-5282-45F3-B8E3-7EA89320713E}.Ad-Hoc|iPhoneSimulator.Build.0 = Ad-Hoc|iPhoneSimulator
		{4A7157E9-5282-45F3-B8E3-7EA89320713E}.Ad-Hoc|iPhoneSimulator.Deploy.0 = Ad-Hoc|iPhoneSimulator
		{4A7157E9-5282-45F3-B8E3-7EA89320713E}.Ad-Hoc|x64.ActiveCfg = Ad-Hoc|iPhone
		{4A7157E9-5282-45F3-B8E3-7EA89320713E}.Ad-Hoc|x64.Build.0 = Ad-Hoc|iPhone
		{4A7157E9-5282-45F3-B8E3-7EA89320713E}.Ad-Hoc|x64.Deploy.0 = Ad-Hoc|iPhone
		{4A7157E9-5282-45F3-B8E3-7EA89320713E}.Ad-Hoc|x86.ActiveCfg = Ad-Hoc|iPhone
		{4A7157E9-5282-45F3-B8E3-7EA89320713E}.Ad-Hoc|x86.Build.0 = Ad-Hoc|iPhone
		{4A7157E9-5282-45F3-B8E3-7EA89320713E}.Ad-Hoc|x86.Deploy.0 = Ad-Hoc|iPhone
		{4A7157E9-5282-45F3-B8E3-7EA89320713E}.AppStore|Any CPU.ActiveCfg = AppStore|iPhone
		{4A7157E9-5282-45F3-B8E3-7EA89320713E}.AppStore|Any CPU.Build.0 = AppStore|iPhone
		{4A7157E9-5282-45F3-B8E3-7EA89320713E}.AppStore|Any CPU.Deploy.0 = AppStore|iPhone
		{4A7157E9-5282-45F3-B8E3-7EA89320713E}.AppStore|ARM.ActiveCfg = AppStore|iPhone
		{4A7157E9-5282-45F3-B8E3-7EA89320713E}.AppStore|ARM.Build.0 = AppStore|iPhone
		{4A7157E9-5282-45F3-B8E3-7EA89320713E}.AppStore|ARM.Deploy.0 = AppStore|iPhone
		{4A7157E9-5282-45F3-B8E3-7EA89320713E}.AppStore|iPhone.ActiveCfg = AppStore|iPhone
		{4A7157E9-5282-45F3-B8E3-7EA89320713E}.AppStore|iPhone.Build.0 = AppStore|iPhone
		{4A7157E9-5282-45F3-B8E3-7EA89320713E}.AppStore|iPhone.Deploy.0 = AppStore|iPhone
		{4A7157E9-5282-45F3-B8E3-7EA89320713E}.AppStore|iPhoneSimulator.ActiveCfg = AppStore|iPhoneSimulator
		{4A7157E9-5282-45F3-B8E3-7EA89320713E}.AppStore|iPhoneSimulator.Build.0 = AppStore|iPhoneSimulator
		{4A7157E9-5282-45F3-B8E3-7EA89320713E}.AppStore|iPhoneSimulator.Deploy.0 = AppStore|iPhoneSimulator
		{4A7157E9-5282-45F3-B8E3-7EA89320713E}.AppStore|x64.ActiveCfg = AppStore|iPhone
		{4A7157E9-5282-45F3-B8E3-7EA89320713E}.AppStore|x64.Build.0 = AppStore|iPhone
		{4A7157E9-5282-45F3-B8E3-7EA89320713E}.AppStore|x64.Deploy.0 = AppStore|iPhone
		{4A7157E9-5282-45F3-B8E3-7EA89320713E}.AppStore|x86.ActiveCfg = AppStore|iPhone
		{4A7157E9-5282-45F3-B8E3-7EA89320713E}.AppStore|x86.Build.0 = AppStore|iPhone
		{4A7157E9-5282-45F3-B8E3-7EA89320713E}.AppStore|x86.Deploy.0 = AppStore|iPhone
		{4A7157E9-5282-45F3-B8E3-7EA89320713E}.Debug|Any CPU.ActiveCfg = Debug|iPhoneSimulator
		{4A7157E9-5282-45F3-B8E3-7EA89320713E}.Debug|Any CPU.Build.0 = Debug|iPhoneSimulator
		{4A7157E9-5282-45F3-B8E3-7EA89320713E}.Debug|Any CPU.Deploy.0 = Debug|iPhoneSimulator
		{4A7157E9-5282-45F3-B8E3-7EA89320713E}.Debug|ARM.ActiveCfg = Debug|iPhone
		{4A7157E9-5282-45F3-B8E3-7EA89320713E}.Debug|ARM.Build.0 = Debug|iPhone
		{4A7157E9-5282-45F3-B8E3-7EA89320713E}.Debug|ARM.Deploy.0 = Debug|iPhone
		{4A7157E9-5282-45F3-B8E3-7EA89320713E}.Debug|iPhone.ActiveCfg = Debug|iPhone
		{4A7157E9-5282-45F3-B8E3-7EA89320713E}.Debug|iPhone.Build.0 = Debug|iPhone
		{4A7157E9-5282-45F3-B8E3-7EA89320713E}.Debug|iPhone.Deploy.0 = Debug|iPhone
		{4A7157E9-5282-45F3-B8E3-7EA89320713E}.Debug|iPhoneSimulator.ActiveCfg = Debug|iPhoneSimulator
		{4A7157E9-5282-45F3-B8E3-7EA89320713E}.Debug|iPhoneSimulator.Build.0 = Debug|iPhoneSimulator
		{4A7157E9-5282-45F3-B8E3-7EA89320713E}.Debug|iPhoneSimulator.Deploy.0 = Debug|iPhoneSimulator
		{4A7157E9-5282-45F3-B8E3-7EA89320713E}.Debug|x64.ActiveCfg = Debug|iPhone
		{4A7157E9-5282-45F3-B8E3-7EA89320713E}.Debug|x64.Build.0 = Debug|iPhone
		{4A7157E9-5282-45F3-B8E3-7EA89320713E}.Debug|x64.Deploy.0 = Debug|iPhone
		{4A7157E9-5282-45F3-B8E3-7EA89320713E}.Debug|x86.ActiveCfg = Debug|iPhone
		{4A7157E9-5282-45F3-B8E3-7EA89320713E}.Debug|x86.Build.0 = Debug|iPhone
		{4A7157E9-5282-45F3-B8E3-7EA89320713E}.Debug|x86.Deploy.0 = Debug|iPhone
		{4A7157E9-5282-45F3-B8E3-7EA89320713E}.Release|Any CPU.ActiveCfg = Release|iPhone
		{4A7157E9-5282-45F3-B8E3-7EA89320713E}.Release|Any CPU.Build.0 = Release|iPhone
		{4A7157E9-5282-45F3-B8E3-7EA89320713E}.Release|Any CPU.Deploy.0 = Release|iPhone
		{4A7157E9-5282-45F3-B8E3-7EA89320713E}.Release|ARM.ActiveCfg = Release|iPhone
		{4A7157E9-5282-45F3-B8E3-7EA89320713E}.Release|ARM.Build.0 = Release|iPhone
		{4A7157E9-5282-45F3-B8E3-7EA89320713E}.Release|ARM.Deploy.0 = Release|iPhone
		{4A7157E9-5282-45F3-B8E3-7EA89320713E}.Release|iPhone.ActiveCfg = Release|iPhone
		{4A7157E9-5282-45F3-B8E3-7EA89320713E}.Release|iPhone.Build.0 = Release|iPhone
		{4A7157E9-5282-45F3-B8E3-7EA89320713E}.Release|iPhone.Deploy.0 = Release|iPhone
		{4A7157E9-5282-45F3-B8E3-7EA89320713E}.Release|iPhoneSimulator.ActiveCfg = Release|iPhoneSimulator
		{4A7157E9-5282-45F3-B8E3-7EA89320713E}.Release|iPhoneSimulator.Build.0 = Release|iPhoneSimulator
		{4A7157E9-5282-45F3-B8E3-7EA89320713E}.Release|iPhoneSimulator.Deploy.0 = Release|iPhoneSimulator
		{4A7157E9-5282-45F3-B8E3-7EA89320713E}.Release|x64.ActiveCfg = Release|iPhone
		{4A7157E9-5282-45F3-B8E3-7EA89320713E}.Release|x64.Build.0 = Release|iPhone
		{4A7157E9-5282-45F3-B8E3-7EA89320713E}.Release|x64.Deploy.0 = Release|iPhone
		{4A7157E9-5282-45F3-B8E3-7EA89320713E}.Release|x86.ActiveCfg = Release|iPhone
		{4A7157E9-5282-45F3-B8E3-7EA89320713E}.Release|x86.Build.0 = Release|iPhone
		{4A7157E9-5282-45F3-B8E3-7EA89320713E}.Release|x86.Deploy.0 = Release|iPhone
		{91415321-6418-4062-B42F-B845F63E51A0}.Ad-Hoc|Any CPU.ActiveCfg = Release|x86
		{91415321-6418-4062-B42F-B845F63E51A0}.Ad-Hoc|Any CPU.Build.0 = Release|x86
		{91415321-6418-4062-B42F-B845F63E51A0}.Ad-Hoc|Any CPU.Deploy.0 = Release|x86
		{91415321-6418-4062-B42F-B845F63E51A0}.Ad-Hoc|ARM.ActiveCfg = Release|ARM
		{91415321-6418-4062-B42F-B845F63E51A0}.Ad-Hoc|ARM.Build.0 = Release|ARM
		{91415321-6418-4062-B42F-B845F63E51A0}.Ad-Hoc|ARM.Deploy.0 = Release|ARM
		{91415321-6418-4062-B42F-B845F63E51A0}.Ad-Hoc|iPhone.ActiveCfg = Release|x86
		{91415321-6418-4062-B42F-B845F63E51A0}.Ad-Hoc|iPhone.Build.0 = Release|x86
		{91415321-6418-4062-B42F-B845F63E51A0}.Ad-Hoc|iPhone.Deploy.0 = Release|x86
		{91415321-6418-4062-B42F-B845F63E51A0}.Ad-Hoc|iPhoneSimulator.ActiveCfg = Release|x86
		{91415321-6418-4062-B42F-B845F63E51A0}.Ad-Hoc|iPhoneSimulator.Build.0 = Release|x86
		{91415321-6418-4062-B42F-B845F63E51A0}.Ad-Hoc|iPhoneSimulator.Deploy.0 = Release|x86
		{91415321-6418-4062-B42F-B845F63E51A0}.Ad-Hoc|x64.ActiveCfg = Release|x64
		{91415321-6418-4062-B42F-B845F63E51A0}.Ad-Hoc|x64.Build.0 = Release|x64
		{91415321-6418-4062-B42F-B845F63E51A0}.Ad-Hoc|x64.Deploy.0 = Release|x64
		{91415321-6418-4062-B42F-B845F63E51A0}.Ad-Hoc|x86.ActiveCfg = Release|x86
		{91415321-6418-4062-B42F-B845F63E51A0}.Ad-Hoc|x86.Build.0 = Release|x86
		{91415321-6418-4062-B42F-B845F63E51A0}.Ad-Hoc|x86.Deploy.0 = Release|x86
		{91415321-6418-4062-B42F-B845F63E51A0}.AppStore|Any CPU.ActiveCfg = Release|x86
		{91415321-6418-4062-B42F-B845F63E51A0}.AppStore|Any CPU.Build.0 = Release|x86
		{91415321-6418-4062-B42F-B845F63E51A0}.AppStore|Any CPU.Deploy.0 = Release|x86
		{91415321-6418-4062-B42F-B845F63E51A0}.AppStore|ARM.ActiveCfg = Release|ARM
		{91415321-6418-4062-B42F-B845F63E51A0}.AppStore|ARM.Build.0 = Release|ARM
		{91415321-6418-4062-B42F-B845F63E51A0}.AppStore|ARM.Deploy.0 = Release|ARM
		{91415321-6418-4062-B42F-B845F63E51A0}.AppStore|iPhone.ActiveCfg = Release|x86
		{91415321-6418-4062-B42F-B845F63E51A0}.AppStore|iPhone.Build.0 = Release|x86
		{91415321-6418-4062-B42F-B845F63E51A0}.AppStore|iPhone.Deploy.0 = Release|x86
		{91415321-6418-4062-B42F-B845F63E51A0}.AppStore|iPhoneSimulator.ActiveCfg = Release|x86
		{91415321-6418-4062-B42F-B845F63E51A0}.AppStore|iPhoneSimulator.Build.0 = Release|x86
		{91415321-6418-4062-B42F-B845F63E51A0}.AppStore|iPhoneSimulator.Deploy.0 = Release|x86
		{91415321-6418-4062-B42F-B845F63E51A0}.AppStore|x64.ActiveCfg = Release|x64
		{91415321-6418-4062-B42F-B845F63E51A0}.AppStore|x64.Build.0 = Release|x64
		{91415321-6418-4062-B42F-B845F63E51A0}.AppStore|x64.Deploy.0 = Release|x64
		{91415321-6418-4062-B42F-B845F63E51A0}.AppStore|x86.ActiveCfg = Release|x86
		{91415321-6418-4062-B42F-B845F63E51A0}.AppStore|x86.Build.0 = Release|x86
		{91415321-6418-4062-B42F-B845F63E51A0}.AppStore|x86.Deploy.0 = Release|x86
		{91415321-6418-4062-B42F-B845F63E51A0}.Debug|Any CPU.ActiveCfg = Debug|x86
		{91415321-6418-4062-B42F-B845F63E51A0}.Debug|Any CPU.Build.0 = Debug|x86
		{91415321-6418-4062-B42F-B845F63E51A0}.Debug|Any CPU.Deploy.0 = Debug|x86
		{91415321-6418-4062-B42F-B845F63E51A0}.Debug|ARM.ActiveCfg = Debug|ARM
		{91415321-6418-4062-B42F-B845F63E51A0}.Debug|ARM.Build.0 = Debug|ARM
		{91415321-6418-4062-B42F-B845F63E51A0}.Debug|ARM.Deploy.0 = Debug|ARM
		{91415321-6418-4062-B42F-B845F63E51A0}.Debug|iPhone.ActiveCfg = Debug|x86
		{91415321-6418-4062-B42F-B845F63E51A0}.Debug|iPhone.Build.0 = Debug|x86
		{91415321-6418-4062-B42F-B845F63E51A0}.Debug|iPhone.Deploy.0 = Debug|x86
		{91415321-6418-4062-B42F-B845F63E51A0}.Debug|iPhoneSimulator.ActiveCfg = Debug|x86
		{91415321-6418-4062-B42F-B845F63E51A0}.Debug|iPhoneSimulator.Build.0 = Debug|x86
		{91415321-6418-4062-B42F-B845F63E51A0}.Debug|iPhoneSimulator.Deploy.0 = Debug|x86
		{91415321-6418-4062-B42F-B845F63E51A0}.Debug|x64.ActiveCfg = Debug|x64
		{91415321-6418-4062-B42F-B845F63E51A0}.Debug|x64.Build.0 = Debug|x64
		{91415321-6418-4062-B42F-B845F63E51A0}.Debug|x64.Deploy.0 = Debug|x64
		{91415321-6418-4062-B42F-B845F63E51A0}.Debug|x86.ActiveCfg = Debug|x86
		{91415321-6418-4062-B42F-B845F63E51A0}.Debug|x86.Build.0 = Debug|x86
		{91415321-6418-4062-B42F-B845F63E51A0}.Debug|x86.Deploy.0 = Debug|x86
		{91415321-6418-4062-B42F-B845F63E51A0}.Release|Any CPU.ActiveCfg = Release|x86
		{91415321-6418-4062-B42F-B845F63E51A0}.Release|Any CPU.Build.0 = Release|x86
		{91415321-6418-4062-B42F-B845F63E51A0}.Release|Any CPU.Deploy.0 = Release|x86
		{91415321-6418-4062-B42F-B845F63E51A0}.Release|ARM.ActiveCfg = Release|ARM
		{91415321-6418-4062-B42F-B845F63E51A0}.Release|ARM.Build.0 = Release|ARM
		{91415321-6418-4062-B42F-B845F63E51A0}.Release|ARM.Deploy.0 = Release|ARM
		{91415321-6418-4062-B42F-B845F63E51A0}.Release|iPhone.ActiveCfg = Release|x86
		{91415321-6418-4062-B42F-B845F63E51A0}.Release|iPhone.Build.0 = Release|x86
		{91415321-6418-4062-B42F-B845F63E51A0}.Release|iPhone.Deploy.0 = Release|x86
		{91415321-6418-4062-B42F-B845F63E51A0}.Release|iPhoneSimulator.ActiveCfg = Release|x86
		{91415321-6418-4062-B42F-B845F63E51A0}.Release|iPhoneSimulator.Build.0 = Release|x86
		{91415321-6418-4062-B42F-B845F63E51A0}.Release|iPhoneSimulator.Deploy.0 = Release|x86
		{91415321-6418-4062-B42F-B845F63E51A0}.Release|x64.ActiveCfg = Release|x64
		{91415321-6418-4062-B42F-B845F63E51A0}.Release|x64.Build.0 = Release|x64
		{91415321-6418-4062-B42F-B845F63E51A0}.Release|x64.Deploy.0 = Release|x64
		{91415321-6418-4062-B42F-B845F63E51A0}.Release|x86.ActiveCfg = Release|x86
		{91415321-6418-4062-B42F-B845F63E51A0}.Release|x86.Build.0 = Release|x86
		{91415321-6418-4062-B42F-B845F63E51A0}.Release|x86.Deploy.0 = Release|x86
		{A6635553-9B11-45E9-927D-08A3C8B2AFB8}.Ad-Hoc|Any CPU.ActiveCfg = Debug|Any CPU
		{A6635553-9B11-45E9-927D-08A3C8B2AFB8}.Ad-Hoc|Any CPU.Build.0 = Debug|Any CPU
		{A6635553-9B11-45E9-927D-08A3C8B2AFB8}.Ad-Hoc|Any CPU.Deploy.0 = Debug|Any CPU
		{A6635553-9B11-45E9-927D-08A3C8B2AFB8}.Ad-Hoc|ARM.ActiveCfg = Debug|Any CPU
		{A6635553-9B11-45E9-927D-08A3C8B2AFB8}.Ad-Hoc|ARM.Build.0 = Debug|Any CPU
		{A6635553-9B11-45E9-927D-08A3C8B2AFB8}.Ad-Hoc|ARM.Deploy.0 = Debug|Any CPU
		{A6635553-9B11-45E9-927D-08A3C8B2AFB8}.Ad-Hoc|iPhone.ActiveCfg = Debug|Any CPU
		{A6635553-9B11-45E9-927D-08A3C8B2AFB8}.Ad-Hoc|iPhone.Build.0 = Debug|Any CPU
		{A6635553-9B11-45E9-927D-08A3C8B2AFB8}.Ad-Hoc|iPhone.Deploy.0 = Debug|Any CPU
		{A6635553-9B11-45E9-927D-08A3C8B2AFB8}.Ad-Hoc|iPhoneSimulator.ActiveCfg = Debug|Any CPU
		{A6635553-9B11-45E9-927D-08A3C8B2AFB8}.Ad-Hoc|iPhoneSimulator.Build.0 = Debug|Any CPU
		{A6635553-9B11-45E9-927D-08A3C8B2AFB8}.Ad-Hoc|iPhoneSimulator.Deploy.0 = Debug|Any CPU
		{A6635553-9B11-45E9-927D-08A3C8B2AFB8}.Ad-Hoc|x64.ActiveCfg = Debug|Any CPU
		{A6635553-9B11-45E9-927D-08A3C8B2AFB8}.Ad-Hoc|x64.Build.0 = Debug|Any CPU
		{A6635553-9B11-45E9-927D-08A3C8B2AFB8}.Ad-Hoc|x64.Deploy.0 = Debug|Any CPU
		{A6635553-9B11-45E9-927D-08A3C8B2AFB8}.Ad-Hoc|x86.ActiveCfg = Debug|Any CPU
		{A6635553-9B11-45E9-927D-08A3C8B2AFB8}.Ad-Hoc|x86.Build.0 = Debug|Any CPU
		{A6635553-9B11-45E9-927D-08A3C8B2AFB8}.Ad-Hoc|x86.Deploy.0 = Debug|Any CPU
		{A6635553-9B11-45E9-927D-08A3C8B2AFB8}.AppStore|Any CPU.ActiveCfg = Debug|Any CPU
		{A6635553-9B11-45E9-927D-08A3C8B2AFB8}.AppStore|Any CPU.Build.0 = Debug|Any CPU
		{A6635553-9B11-45E9-927D-08A3C8B2AFB8}.AppStore|Any CPU.Deploy.0 = Debug|Any CPU
		{A6635553-9B11-45E9-927D-08A3C8B2AFB8}.AppStore|ARM.ActiveCfg = Debug|Any CPU
		{A6635553-9B11-45E9-927D-08A3C8B2AFB8}.AppStore|ARM.Build.0 = Debug|Any CPU
		{A6635553-9B11-45E9-927D-08A3C8B2AFB8}.AppStore|ARM.Deploy.0 = Debug|Any CPU
		{A6635553-9B11-45E9-927D-08A3C8B2AFB8}.AppStore|iPhone.ActiveCfg = Debug|Any CPU
		{A6635553-9B11-45E9-927D-08A3C8B2AFB8}.AppStore|iPhone.Build.0 = Debug|Any CPU
		{A6635553-9B11-45E9-927D-08A3C8B2AFB8}.AppStore|iPhone.Deploy.0 = Debug|Any CPU
		{A6635553-9B11-45E9-927D-08A3C8B2AFB8}.AppStore|iPhoneSimulator.ActiveCfg = Debug|Any CPU
		{A6635553-9B11-45E9-927D-08A3C8B2AFB8}.AppStore|iPhoneSimulator.Build.0 = Debug|Any CPU
		{A6635553-9B11-45E9-927D-08A3C8B2AFB8}.AppStore|iPhoneSimulator.Deploy.0 = Debug|Any CPU
		{A6635553-9B11-45E9-927D-08A3C8B2AFB8}.AppStore|x64.ActiveCfg = Debug|Any CPU
		{A6635553-9B11-45E9-927D-08A3C8B2AFB8}.AppStore|x64.Build.0 = Debug|Any CPU
		{A6635553-9B11-45E9-927D-08A3C8B2AFB8}.AppStore|x64.Deploy.0 = Debug|Any CPU
		{A6635553-9B11-45E9-927D-08A3C8B2AFB8}.AppStore|x86.ActiveCfg = Debug|Any CPU
		{A6635553-9B11-45E9-927D-08A3C8B2AFB8}.AppStore|x86.Build.0 = Debug|Any CPU
		{A6635553-9B11-45E9-927D-08A3C8B2AFB8}.AppStore|x86.Deploy.0 = Debug|Any CPU
		{A6635553-9B11-45E9-927D-08A3C8B2AFB8}.Debug|Any CPU.ActiveCfg = Debug|Any CPU
		{A6635553-9B11-45E9-927D-08A3C8B2AFB8}.Debug|Any CPU.Build.0 = Debug|Any CPU
		{A6635553-9B11-45E9-927D-08A3C8B2AFB8}.Debug|Any CPU.Deploy.0 = Debug|Any CPU
		{A6635553-9B11-45E9-927D-08A3C8B2AFB8}.Debug|ARM.ActiveCfg = Debug|Any CPU
		{A6635553-9B11-45E9-927D-08A3C8B2AFB8}.Debug|ARM.Build.0 = Debug|Any CPU
		{A6635553-9B11-45E9-927D-08A3C8B2AFB8}.Debug|ARM.Deploy.0 = Debug|Any CPU
		{A6635553-9B11-45E9-927D-08A3C8B2AFB8}.Debug|iPhone.ActiveCfg = Debug|Any CPU
		{A6635553-9B11-45E9-927D-08A3C8B2AFB8}.Debug|iPhone.Build.0 = Debug|Any CPU
		{A6635553-9B11-45E9-927D-08A3C8B2AFB8}.Debug|iPhone.Deploy.0 = Debug|Any CPU
		{A6635553-9B11-45E9-927D-08A3C8B2AFB8}.Debug|iPhoneSimulator.ActiveCfg = Debug|Any CPU
		{A6635553-9B11-45E9-927D-08A3C8B2AFB8}.Debug|iPhoneSimulator.Build.0 = Debug|Any CPU
		{A6635553-9B11-45E9-927D-08A3C8B2AFB8}.Debug|iPhoneSimulator.Deploy.0 = Debug|Any CPU
		{A6635553-9B11-45E9-927D-08A3C8B2AFB8}.Debug|x64.ActiveCfg = Debug|Any CPU
		{A6635553-9B11-45E9-927D-08A3C8B2AFB8}.Debug|x64.Build.0 = Debug|Any CPU
		{A6635553-9B11-45E9-927D-08A3C8B2AFB8}.Debug|x64.Deploy.0 = Debug|Any CPU
		{A6635553-9B11-45E9-927D-08A3C8B2AFB8}.Debug|x86.ActiveCfg = Debug|Any CPU
		{A6635553-9B11-45E9-927D-08A3C8B2AFB8}.Debug|x86.Build.0 = Debug|Any CPU
		{A6635553-9B11-45E9-927D-08A3C8B2AFB8}.Debug|x86.Deploy.0 = Debug|Any CPU
		{A6635553-9B11-45E9-927D-08A3C8B2AFB8}.Release|Any CPU.ActiveCfg = Release|Any CPU
		{A6635553-9B11-45E9-927D-08A3C8B2AFB8}.Release|Any CPU.Build.0 = Release|Any CPU
		{A6635553-9B11-45E9-927D-08A3C8B2AFB8}.Release|Any CPU.Deploy.0 = Release|Any CPU
		{A6635553-9B11-45E9-927D-08A3C8B2AFB8}.Release|ARM.ActiveCfg = Release|Any CPU
		{A6635553-9B11-45E9-927D-08A3C8B2AFB8}.Release|ARM.Build.0 = Release|Any CPU
		{A6635553-9B11-45E9-927D-08A3C8B2AFB8}.Release|ARM.Deploy.0 = Release|Any CPU
		{A6635553-9B11-45E9-927D-08A3C8B2AFB8}.Release|iPhone.ActiveCfg = Release|Any CPU
		{A6635553-9B11-45E9-927D-08A3C8B2AFB8}.Release|iPhone.Build.0 = Release|Any CPU
		{A6635553-9B11-45E9-927D-08A3C8B2AFB8}.Release|iPhone.Deploy.0 = Release|Any CPU
		{A6635553-9B11-45E9-927D-08A3C8B2AFB8}.Release|iPhoneSimulator.ActiveCfg = Release|Any CPU
		{A6635553-9B11-45E9-927D-08A3C8B2AFB8}.Release|iPhoneSimulator.Build.0 = Release|Any CPU
		{A6635553-9B11-45E9-927D-08A3C8B2AFB8}.Release|iPhoneSimulator.Deploy.0 = Release|Any CPU
		{A6635553-9B11-45E9-927D-08A3C8B2AFB8}.Release|x64.ActiveCfg = Release|Any CPU
		{A6635553-9B11-45E9-927D-08A3C8B2AFB8}.Release|x64.Build.0 = Release|Any CPU
		{A6635553-9B11-45E9-927D-08A3C8B2AFB8}.Release|x64.Deploy.0 = Release|Any CPU
		{A6635553-9B11-45E9-927D-08A3C8B2AFB8}.Release|x86.ActiveCfg = Release|Any CPU
		{A6635553-9B11-45E9-927D-08A3C8B2AFB8}.Release|x86.Build.0 = Release|Any CPU
		{A6635553-9B11-45E9-927D-08A3C8B2AFB8}.Release|x86.Deploy.0 = Release|Any CPU
	EndGlobalSection
	GlobalSection(SolutionProperties) = preSolution
		HideSolutionNode = FALSE
	EndGlobalSection
	GlobalSection(ExtensibilityGlobals) = postSolution
		SolutionGuid = {2070516F-9CC1-4633-94A5-BF54784CCF20}
	EndGlobalSection
EndGlobal
